// !$*UTF8*$!
{
	archiveVersion = 1;
	classes = {
	};
	objectVersion = 77;
	objects = {

/* Begin PBXGroup section */
		65185F832E81EA1D00AD1E71 = {
			isa = PBXGroup;
			children = (
			);
			sourceTree = "<group>";
		};
/* End PBXGroup section */

/* Begin PBXProject section */
		65185F842E81EA1D00AD1E71 /* Project object */ = {
			isa = PBXProject;
			attributes = {
				BuildIndependentTargetsInParallel = 1;
				LastUpgradeCheck = 2600;
			};
			buildConfigurationList = 65185F872E81EA1D00AD1E71 /* Build configuration list for PBXProject "Deques" */;
			developmentRegion = en;
			hasScannedForEncodings = 0;
			knownRegions = (
				en,
				Base,
			);
			mainGroup = 65185F832E81EA1D00AD1E71;
			minimizedProjectReferenceProxies = 1;
			preferredProjectObjectVersion = 77;
			projectDirPath = "";
			projectRoot = "";
			targets = (
			);
		};
/* End PBXProject section */

/* Begin XCBuildConfiguration section */
		65185F882E81EA1D00AD1E71 /* Debug */ = {
			isa = XCBuildConfiguration;
			buildSettings = {
				DEVELOPMENT_TEAM = 6BFYP4Y93F;
			};
			name = Debug;
		};
		65185F892E81EA1D00AD1E71 /* Release */ = {
			isa = XCBuildConfiguration;
			buildSettings = {
				DEVELOPMENT_TEAM = 6BFYP4Y93F;
			};
			name = Release;
		};
/* End XCBuildConfiguration section */

/* Begin XCConfigurationList section */
		65185F872E81EA1D00AD1E71 /* Build configuration list for PBXProject "Deques" */ = {
			isa = XCConfigurationList;
			buildConfigurations = (
				65185F882E81EA1D00AD1E71 /* Debug */,
				65185F892E81EA1D00AD1E71 /* Release */,
			);
			defaultConfigurationIsVisible = 0;
			defaultConfigurationName = Release;
		};
/* End XCConfigurationList section */
	};
	rootObject = 65185F842E81EA1D00AD1E71 /* Project object */;
}
